
Microsoft Visual Studio Solution File, Format Version 12.00
# Visual Studio Version 17
VisualStudioVersion = 17.0.31903.59
MinimumVisualStudioVersion = 10.0.40219.1
Project("{FAE04EC0-301F-11D3-BF4B-00C04F79EFBC}") = "Consumer", "Consumer\Consumer.csproj", "{C6CD7812-AD64-48C9-9680-B24F7B308089}"
EndProject
Project("{2150E333-8FDC-42A3-9474-1A3956D46DE8}") = "Generators", "Generators", "{071151BE-43FF-4870-B4C7-870D19C97E10}"
EndProject
Project("{FAE04EC0-301F-11D3-BF4B-00C04F79EFBC}") = "BasicGenerator", "Generators\BasicGenerator\BasicGenerator.csproj", "{4EAFCBC2-7008-4917-9DF0-D4A10F41EA1E}"
EndProject
Global
	GlobalSection(SolutionConfigurationPlatforms) = preSolution
		Debug|Any CPU = Debug|Any CPU
		Release|Any CPU = Release|Any CPU
	EndGlobalSection
	GlobalSection(ProjectConfigurationPlatforms) = postSolution
		{C6CD7812-AD64-48C9-9680-B24F7B308089}.Debug|Any CPU.ActiveCfg = Debug|Any CPU
		{C6CD7812-AD64-48C9-9680-B24F7B308089}.Debug|Any CPU.Build.0 = Debug|Any CPU
		{C6CD7812-AD64-48C9-9680-B24F7B308089}.Release|Any CPU.ActiveCfg = Release|Any CPU
		{C6CD7812-AD64-48C9-9680-B24F7B308089}.Release|Any CPU.Build.0 = Release|Any CPU
		{4EAFCBC2-7008-4917-9DF0-D4A10F41EA1E}.Debug|Any CPU.ActiveCfg = Debug|Any CPU
		{4EAFCBC2-7008-4917-9DF0-D4A10F41EA1E}.Debug|Any CPU.Build.0 = Debug|Any CPU
		{4EAFCBC2-7008-4917-9DF0-D4A10F41EA1E}.Release|Any CPU.ActiveCfg = Release|Any CPU
		{4EAFCBC2-7008-4917-9DF0-D4A10F41EA1E}.Release|Any CPU.Build.0 = Release|Any CPU
	EndGlobalSection
	GlobalSection(SolutionProperties) = preSolution
		HideSolutionNode = FALSE
	EndGlobalSection
	GlobalSection(NestedProjects) = preSolution
		{4EAFCBC2-7008-4917-9DF0-D4A10F41EA1E} = {071151BE-43FF-4870-B4C7-870D19C97E10}
	EndGlobalSection
EndGlobal
